
Microsoft Visual Studio Solution File, Format Version 12.00
# Visual Studio Version 16
VisualStudioVersion = 16.0.30204.135
MinimumVisualStudioVersion = 10.0.40219.1
Project("{FAE04EC0-301F-11D3-BF4B-00C04F79EFBC}") = "OnlyPublisher", "Publisher\OnlyPublisher.csproj", "{B58552BB-97DD-4AAD-A86F-8C41F3357889}"
EndProject
Project("{FAE04EC0-301F-11D3-BF4B-00C04F79EFBC}") = "Consumer", "Consumer\Consumer.csproj", "{26317605-2268-4E44-BC16-60EAD6D55C03}"
EndProject
Project("{FAE04EC0-301F-11D3-BF4B-00C04F79EFBC}") = "MqEvent", "MqEvent\MqEvent.csproj", "{85A9772F-33AE-4AB8-8D8E-18997AF26FCA}"
EndProject
Global
	GlobalSection(SolutionConfigurationPlatforms) = preSolution
		Debug|Any CPU = Debug|Any CPU
		Release|Any CPU = Release|Any CPU
	EndGlobalSection
	GlobalSection(ProjectConfigurationPlatforms) = postSolution
		{B58552BB-97DD-4AAD-A86F-8C41F3357889}.Debug|Any CPU.ActiveCfg = Debug|Any CPU
		{B58552BB-97DD-4AAD-A86F-8C41F3357889}.Debug|Any CPU.Build.0 = Debug|Any CPU
		{B58552BB-97DD-4AAD-A86F-8C41F3357889}.Release|Any CPU.ActiveCfg = Release|Any CPU
		{B58552BB-97DD-4AAD-A86F-8C41F3357889}.Release|Any CPU.Build.0 = Release|Any CPU
		{26317605-2268-4E44-BC16-60EAD6D55C03}.Debug|Any CPU.ActiveCfg = Debug|Any CPU
		{26317605-2268-4E44-BC16-60EAD6D55C03}.Debug|Any CPU.Build.0 = Debug|Any CPU
		{26317605-2268-4E44-BC16-60EAD6D55C03}.Release|Any CPU.ActiveCfg = Release|Any CPU
		{26317605-2268-4E44-BC16-60EAD6D55C03}.Release|Any CPU.Build.0 = Release|Any CPU
		{85A9772F-33AE-4AB8-8D8E-18997AF26FCA}.Debug|Any CPU.ActiveCfg = Debug|Any CPU
		{85A9772F-33AE-4AB8-8D8E-18997AF26FCA}.Debug|Any CPU.Build.0 = Debug|Any CPU
		{85A9772F-33AE-4AB8-8D8E-18997AF26FCA}.Release|Any CPU.ActiveCfg = Release|Any CPU
		{85A9772F-33AE-4AB8-8D8E-18997AF26FCA}.Release|Any CPU.Build.0 = Release|Any CPU
	EndGlobalSection
	GlobalSection(SolutionProperties) = preSolution
		HideSolutionNode = FALSE
	EndGlobalSection
	GlobalSection(ExtensibilityGlobals) = postSolution
		SolutionGuid = {2CE2C269-19D1-4CE1-8215-283F667A7621}
	EndGlobalSection
EndGlobal
